
Microsoft Visual Studio Solution File, Format Version 12.00
# Visual Studio Version 17
VisualStudioVersion = 17.0.31903.59
MinimumVisualStudioVersion = 10.0.40219.1
Project("{FAE04EC0-301F-11D3-BF4B-00C04F79EFBC}") = "Web.API", "Web.API\Web.API.csproj", "{84F3CF3D-69CD-4D20-AB2E-497E0BCE4807}"
EndProject
Project("{FAE04EC0-301F-11D3-BF4B-00C04F79EFBC}") = "Application", "Application\Application.csproj", "{8C411C4D-B977-4A41-BEEC-430585FA970C}"
EndProject
Project("{FAE04EC0-301F-11D3-BF4B-00C04F79EFBC}") = "Infrastructure", "Infrastructure\Infrastructure.csproj", "{568CA0B3-15BD-4827-A2EF-D83A33E61F65}"
EndProject
Project("{FAE04EC0-301F-11D3-BF4B-00C04F79EFBC}") = "Domain", "Domain\Domain.csproj", "{6C2F03BE-51B7-46B8-BF6D-559CBF861A34}"
EndProject
Project("{FAE04EC0-301F-11D3-BF4B-00C04F79EFBC}") = "Web.APIGateway", "Web.APIGateway\Web.APIGateway.csproj", "{358389F2-816E-4CA3-A7B3-2BA1E001DDFB}"
EndProject
Project("{2150E333-8FDC-42A3-9474-1A3956D46DE8}") = "Elementos de la solución", "Elementos de la solución", "{D107F4C8-89CC-BEA8-D3D7-CA6B7733353D}"
	ProjectSection(SolutionItems) = preProject
		Dockerfile = Dockerfile
	EndProjectSection
EndProject
Global
	GlobalSection(SolutionConfigurationPlatforms) = preSolution
		Debug|Any CPU = Debug|Any CPU
		Release|Any CPU = Release|Any CPU
	EndGlobalSection
	GlobalSection(ProjectConfigurationPlatforms) = postSolution
		{84F3CF3D-69CD-4D20-AB2E-497E0BCE4807}.Debug|Any CPU.ActiveCfg = Debug|Any CPU
		{84F3CF3D-69CD-4D20-AB2E-497E0BCE4807}.Debug|Any CPU.Build.0 = Debug|Any CPU
		{84F3CF3D-69CD-4D20-AB2E-497E0BCE4807}.Release|Any CPU.ActiveCfg = Release|Any CPU
		{84F3CF3D-69CD-4D20-AB2E-497E0BCE4807}.Release|Any CPU.Build.0 = Release|Any CPU
		{8C411C4D-B977-4A41-BEEC-430585FA970C}.Debug|Any CPU.ActiveCfg = Debug|Any CPU
		{8C411C4D-B977-4A41-BEEC-430585FA970C}.Debug|Any CPU.Build.0 = Debug|Any CPU
		{8C411C4D-B977-4A41-BEEC-430585FA970C}.Release|Any CPU.ActiveCfg = Release|Any CPU
		{8C411C4D-B977-4A41-BEEC-430585FA970C}.Release|Any CPU.Build.0 = Release|Any CPU
		{568CA0B3-15BD-4827-A2EF-D83A33E61F65}.Debug|Any CPU.ActiveCfg = Debug|Any CPU
		{568CA0B3-15BD-4827-A2EF-D83A33E61F65}.Debug|Any CPU.Build.0 = Debug|Any CPU
		{568CA0B3-15BD-4827-A2EF-D83A33E61F65}.Release|Any CPU.ActiveCfg = Release|Any CPU
		{568CA0B3-15BD-4827-A2EF-D83A33E61F65}.Release|Any CPU.Build.0 = Release|Any CPU
		{6C2F03BE-51B7-46B8-BF6D-559CBF861A34}.Debug|Any CPU.ActiveCfg = Debug|Any CPU
		{6C2F03BE-51B7-46B8-BF6D-559CBF861A34}.Debug|Any CPU.Build.0 = Debug|Any CPU
		{6C2F03BE-51B7-46B8-BF6D-559CBF861A34}.Release|Any CPU.ActiveCfg = Release|Any CPU
		{6C2F03BE-51B7-46B8-BF6D-559CBF861A34}.Release|Any CPU.Build.0 = Release|Any CPU
		{358389F2-816E-4CA3-A7B3-2BA1E001DDFB}.Debug|Any CPU.ActiveCfg = Debug|Any CPU
		{358389F2-816E-4CA3-A7B3-2BA1E001DDFB}.Debug|Any CPU.Build.0 = Debug|Any CPU
		{358389F2-816E-4CA3-A7B3-2BA1E001DDFB}.Release|Any CPU.ActiveCfg = Release|Any CPU
		{358389F2-816E-4CA3-A7B3-2BA1E001DDFB}.Release|Any CPU.Build.0 = Release|Any CPU
	EndGlobalSection
	GlobalSection(SolutionProperties) = preSolution
		HideSolutionNode = FALSE
	EndGlobalSection
	GlobalSection(ExtensibilityGlobals) = postSolution
		SolutionGuid = {34E4C46D-45A3-4563-8F5A-5B0043CC7834}
	EndGlobalSection
EndGlobal
